
Microsoft Visual Studio Solution File, Format Version 12.00
# Visual Studio Version 17
VisualStudioVersion = 17.5.33516.290
MinimumVisualStudioVersion = 10.0.40219.1
Project("{9A19103F-16F7-4668-BE54-9A1E7A4F7556}") = "Undersoft.SSC", "src\Undersoft.SSC\Undersoft.SSC.csproj", "{3CD6577A-B481-4665-A004-77ECC8BED615}"
EndProject
Project("{9A19103F-16F7-4668-BE54-9A1E7A4F7556}") = "Undersoft.SSC.Web", "src\Undersoft.SSC.Web\Undersoft.SSC.Web.csproj", "{73B3E061-D118-484A-B10B-B6946249A70A}"
EndProject
Project("{9A19103F-16F7-4668-BE54-9A1E7A4F7556}") = "Undersoft.SSC.Web.Application", "src\Undersoft.SSC.Web.Application\Undersoft.SSC.Web.Application.csproj", "{BBFF55AE-2E4D-4ECA-8E7F-4500B938E1BA}"
EndProject
Global
	GlobalSection(SolutionConfigurationPlatforms) = preSolution
		Debug|Any CPU = Debug|Any CPU
		Release|Any CPU = Release|Any CPU
	EndGlobalSection
	GlobalSection(ProjectConfigurationPlatforms) = postSolution
		{3CD6577A-B481-4665-A004-77ECC8BED615}.Debug|Any CPU.ActiveCfg = Debug|Any CPU
		{3CD6577A-B481-4665-A004-77ECC8BED615}.Debug|Any CPU.Build.0 = Debug|Any CPU
		{3CD6577A-B481-4665-A004-77ECC8BED615}.Release|Any CPU.ActiveCfg = Release|Any CPU
		{3CD6577A-B481-4665-A004-77ECC8BED615}.Release|Any CPU.Build.0 = Release|Any CPU
		{73B3E061-D118-484A-B10B-B6946249A70A}.Debug|Any CPU.ActiveCfg = Debug|Any CPU
		{73B3E061-D118-484A-B10B-B6946249A70A}.Debug|Any CPU.Build.0 = Debug|Any CPU
		{73B3E061-D118-484A-B10B-B6946249A70A}.Release|Any CPU.ActiveCfg = Release|Any CPU
		{73B3E061-D118-484A-B10B-B6946249A70A}.Release|Any CPU.Build.0 = Release|Any CPU
		{BBFF55AE-2E4D-4ECA-8E7F-4500B938E1BA}.Debug|Any CPU.ActiveCfg = Debug|Any CPU
		{BBFF55AE-2E4D-4ECA-8E7F-4500B938E1BA}.Debug|Any CPU.Build.0 = Debug|Any CPU
		{BBFF55AE-2E4D-4ECA-8E7F-4500B938E1BA}.Release|Any CPU.ActiveCfg = Release|Any CPU
		{BBFF55AE-2E4D-4ECA-8E7F-4500B938E1BA}.Release|Any CPU.Build.0 = Release|Any CPU
	EndGlobalSection
	GlobalSection(SolutionProperties) = preSolution
		HideSolutionNode = FALSE
	EndGlobalSection
	GlobalSection(ExtensibilityGlobals) = postSolution
		SolutionGuid = {F31728AB-97C6-4E0D-B412-898579AA77AD}
	EndGlobalSection
EndGlobal
